{
  "version": 4,
  "terraform_version": "1.7.3",
  "serial": 113,
  "lineage": "37165ce4-fb4a-93c1-342a-1d38bd48bb10",
  "outputs": {},
  "resources": [
    {
      "mode": "managed",
      "type": "hcloud_load_balancer",
      "name": "load_balancer",
      "provider": "provider[\"registry.terraform.io/hetznercloud/hcloud\"]",
      "instances": [
        {
          "schema_version": 0,
          "attributes": {
            "algorithm": [
              {
                "type": "round_robin"
              }
            ],
            "delete_protection": false,
            "id": "1708936",
            "ipv4": "167.233.8.157",
            "ipv6": "2a01:4f8:1c1f:68a6::1",
            "labels": {},
            "load_balancer_type": "lb11",
            "location": "nbg1",
            "name": "my-load-balancer",
            "network_id": null,
            "network_ip": null,
            "network_zone": "eu-central",
            "target": []
          },
          "sensitive_attributes": [],
          "private": "bnVsbA=="
        }
      ]
    },
    {
      "mode": "managed",
      "type": "hcloud_load_balancer_target",
      "name": "load_balancer_target_1",
      "provider": "provider[\"registry.terraform.io/hetznercloud/hcloud\"]",
      "instances": [
        {
          "schema_version": 0,
          "attributes": {
            "id": "lb-srv-tgt-43713084-1708936",
            "ip": null,
            "label_selector": null,
            "load_balancer_id": 1708936,
            "server_id": 43713084,
            "type": "server",
            "use_private_ip": false
          },
          "sensitive_attributes": [],
          "private": "bnVsbA==",
          "dependencies": [
            "hcloud_load_balancer.load_balancer",
            "hcloud_network.h_network",
            "module.backend.hcloud_firewall.api_firewall",
            "module.backend.hcloud_server.backend_server",
            "module.base_firewall.hcloud_firewall.base_firewall_rules"
          ]
        }
      ]
    },
    {
      "mode": "managed",
      "type": "hcloud_load_balancer_target",
      "name": "load_balancer_target_2",
      "provider": "provider[\"registry.terraform.io/hetznercloud/hcloud\"]",
      "instances": [
        {
          "schema_version": 0,
          "attributes": {
            "id": "lb-srv-tgt-43713082-1708936",
            "ip": null,
            "label_selector": null,
            "load_balancer_id": 1708936,
            "server_id": 43713082,
            "type": "server",
            "use_private_ip": false
          },
          "sensitive_attributes": [],
          "private": "bnVsbA==",
          "dependencies": [
            "hcloud_load_balancer.load_balancer",
            "hcloud_network.h_network",
            "module.base_firewall.hcloud_firewall.base_firewall_rules",
            "module.frontend.hcloud_firewall.client_firewall",
            "module.frontend.hcloud_server.frontend_server"
          ]
        }
      ]
    },
    {
      "mode": "managed",
      "type": "hcloud_network",
      "name": "h_network",
      "provider": "provider[\"registry.terraform.io/hetznercloud/hcloud\"]",
      "instances": [
        {
          "schema_version": 0,
          "attributes": {
            "delete_protection": false,
            "expose_routes_to_vswitch": false,
            "id": "3915872",
            "ip_range": "10.0.0.0/16",
            "labels": null,
            "name": "my_net"
          },
          "sensitive_attributes": [],
          "private": "bnVsbA=="
        }
      ]
    },
    {
      "mode": "managed",
      "type": "hcloud_network_subnet",
      "name": "h_subnet",
      "provider": "provider[\"registry.terraform.io/hetznercloud/hcloud\"]",
      "instances": [
        {
          "schema_version": 0,
          "attributes": {
            "gateway": "10.0.0.1",
            "id": "3915872-10.0.1.0/24",
            "ip_range": "10.0.1.0/24",
            "network_id": 3915872,
            "network_zone": "eu-central",
            "type": "cloud",
            "vswitch_id": null
          },
          "sensitive_attributes": [],
          "private": "bnVsbA==",
          "dependencies": [
            "hcloud_network.h_network"
          ]
        }
      ]
    },
    {
      "module": "module.backend",
      "mode": "managed",
      "type": "hcloud_firewall",
      "name": "api_firewall",
      "provider": "provider[\"registry.terraform.io/hetznercloud/hcloud\"]",
      "instances": [
        {
          "schema_version": 0,
          "attributes": {
            "apply_to": [],
            "id": "1263269",
            "labels": {},
            "name": "backend_firewall",
            "rule": [
              {
                "description": "Для HTTP запросов к серверу от frontend",
                "destination_ips": [],
                "direction": "in",
                "port": "80",
                "protocol": "tcp",
                "source_ips": [
                  "10.0.1.1/32"
                ]
              },
              {
                "description": "Для HTTP запросов к серверу от frontend",
                "destination_ips": [],
                "direction": "in",
                "port": "80",
                "protocol": "udp",
                "source_ips": [
                  "10.0.1.1/32"
                ]
              },
              {
                "description": "Для HTTPS запросов к серверу от frontend",
                "destination_ips": [],
                "direction": "in",
                "port": "443",
                "protocol": "tcp",
                "source_ips": [
                  "10.0.1.1/32"
                ]
              },
              {
                "description": "Для HTTPS запросов к серверу от frontend",
                "destination_ips": [],
                "direction": "in",
                "port": "443",
                "protocol": "udp",
                "source_ips": [
                  "10.0.1.1/32"
                ]
              },
              {
                "description": "Для запросов к database из сервера",
                "destination_ips": [
                  "10.0.1.1/32"
                ],
                "direction": "out",
                "port": "5432",
                "protocol": "tcp",
                "source_ips": []
              }
            ]
          },
          "sensitive_attributes": [],
          "private": "bnVsbA=="
        }
      ]
    },
    {
      "module": "module.backend",
      "mode": "managed",
      "type": "hcloud_server",
      "name": "backend_server",
      "provider": "provider[\"registry.terraform.io/hetznercloud/hcloud\"]",
      "instances": [
        {
          "schema_version": 0,
          "attributes": {
            "allow_deprecated_images": false,
            "backup_window": "",
            "backups": false,
            "datacenter": "nbg1-dc3",
            "delete_protection": false,
            "firewall_ids": [
              1263269,
              1263271
            ],
            "id": "43713084",
            "ignore_remote_firewall_ids": false,
            "image": "ubuntu-22.04",
            "ipv4_address": "128.140.102.20",
            "ipv6_address": "2a01:4f8:c2c:2f29::1",
            "ipv6_network": "2a01:4f8:c2c:2f29::/64",
            "iso": null,
            "keep_disk": false,
            "labels": {
              "purpose": "backend"
            },
            "location": "nbg1",
            "name": "backend",
            "network": [
              {
                "alias_ips": [],
                "ip": "10.0.1.2",
                "mac_address": "86:00:00:79:de:e3",
                "network_id": 3915872
              }
            ],
            "placement_group_id": null,
            "public_net": [],
            "rebuild_protection": false,
            "rescue": null,
            "server_type": "cx21",
            "ssh_keys": null,
            "status": "running",
            "timeouts": null,
            "user_data": null
          },
          "sensitive_attributes": [],
          "private": "eyJlMmJmYjczMC1lY2FhLTExZTYtOGY4OC0zNDM2M2JjN2M0YzAiOnsiY3JlYXRlIjo1NDAwMDAwMDAwMDAwfX0=",
          "dependencies": [
            "hcloud_network.h_network",
            "module.backend.hcloud_firewall.api_firewall",
            "module.base_firewall.hcloud_firewall.base_firewall_rules"
          ]
        }
      ]
    },
    {
      "module": "module.base_firewall",
      "mode": "managed",
      "type": "hcloud_firewall",
      "name": "base_firewall_rules",
      "provider": "provider[\"registry.terraform.io/hetznercloud/hcloud\"]",
      "instances": [
        {
          "schema_version": 0,
          "attributes": {
            "apply_to": [],
            "id": "1263271",
            "labels": {},
            "name": "base_firewall",
            "rule": [
              {
                "description": "Для DNS запросов из сервера",
                "destination_ips": [
                  "0.0.0.0/0",
                  "::/0"
                ],
                "direction": "out",
                "port": "53",
                "protocol": "tcp",
                "source_ips": []
              },
              {
                "description": "Для DNS запросов из сервера",
                "destination_ips": [
                  "0.0.0.0/0",
                  "::/0"
                ],
                "direction": "out",
                "port": "53",
                "protocol": "udp",
                "source_ips": []
              },
              {
                "description": "Для HTTP запросов из сервера",
                "destination_ips": [
                  "0.0.0.0/0",
                  "::/0"
                ],
                "direction": "out",
                "port": "80",
                "protocol": "tcp",
                "source_ips": []
              },
              {
                "description": "Для HTTP запросов из сервера",
                "destination_ips": [
                  "0.0.0.0/0",
                  "::/0"
                ],
                "direction": "out",
                "port": "80",
                "protocol": "udp",
                "source_ips": []
              },
              {
                "description": "Для HTTPS запросов из сервера",
                "destination_ips": [
                  "0.0.0.0/0",
                  "::/0"
                ],
                "direction": "out",
                "port": "443",
                "protocol": "tcp",
                "source_ips": []
              },
              {
                "description": "Для HTTPS запросов из сервера",
                "destination_ips": [
                  "0.0.0.0/0",
                  "::/0"
                ],
                "direction": "out",
                "port": "443",
                "protocol": "udp",
                "source_ips": []
              },
              {
                "description": "Для SSH подключений к серверу",
                "destination_ips": [],
                "direction": "in",
                "port": "22",
                "protocol": "tcp",
                "source_ips": [
                  "0.0.0.0/0",
                  "::/0"
                ]
              }
            ]
          },
          "sensitive_attributes": [],
          "private": "bnVsbA=="
        }
      ]
    },
    {
      "module": "module.database",
      "mode": "managed",
      "type": "hcloud_firewall",
      "name": "database_firewall",
      "provider": "provider[\"registry.terraform.io/hetznercloud/hcloud\"]",
      "instances": [
        {
          "schema_version": 0,
          "attributes": {
            "apply_to": [],
            "id": "1263268",
            "labels": {},
            "name": "database_firewall",
            "rule": [
              {
                "description": "Для запросов к серверу от backend",
                "destination_ips": [],
                "direction": "in",
                "port": "5432",
                "protocol": "tcp",
                "source_ips": [
                  "10.0.1.2/32"
                ]
              }
            ]
          },
          "sensitive_attributes": [],
          "private": "bnVsbA=="
        }
      ]
    },
    {
      "module": "module.database",
      "mode": "managed",
      "type": "hcloud_server",
      "name": "database_server",
      "provider": "provider[\"registry.terraform.io/hetznercloud/hcloud\"]",
      "instances": [
        {
          "schema_version": 0,
          "attributes": {
            "allow_deprecated_images": false,
            "backup_window": "",
            "backups": false,
            "datacenter": "nbg1-dc3",
            "delete_protection": false,
            "firewall_ids": [
              1263268,
              1263271
            ],
            "id": "43713083",
            "ignore_remote_firewall_ids": false,
            "image": "ubuntu-22.04",
            "ipv4_address": "116.203.219.101",
            "ipv6_address": "2a01:4f8:c2c:f8ea::1",
            "ipv6_network": "2a01:4f8:c2c:f8ea::/64",
            "iso": null,
            "keep_disk": false,
            "labels": {
              "purpose": "database"
            },
            "location": "nbg1",
            "name": "database",
            "network": [
              {
                "alias_ips": [],
                "ip": "10.0.1.3",
                "mac_address": "86:00:00:79:de:e5",
                "network_id": 3915872
              }
            ],
            "placement_group_id": null,
            "public_net": [],
            "rebuild_protection": false,
            "rescue": null,
            "server_type": "cx21",
            "ssh_keys": null,
            "status": "running",
            "timeouts": null,
            "user_data": null
          },
          "sensitive_attributes": [],
          "private": "eyJlMmJmYjczMC1lY2FhLTExZTYtOGY4OC0zNDM2M2JjN2M0YzAiOnsiY3JlYXRlIjo1NDAwMDAwMDAwMDAwfX0=",
          "dependencies": [
            "hcloud_network.h_network",
            "module.base_firewall.hcloud_firewall.base_firewall_rules",
            "module.database.hcloud_firewall.database_firewall"
          ]
        }
      ]
    },
    {
      "module": "module.frontend",
      "mode": "managed",
      "type": "hcloud_firewall",
      "name": "client_firewall",
      "provider": "provider[\"registry.terraform.io/hetznercloud/hcloud\"]",
      "instances": [
        {
          "schema_version": 0,
          "attributes": {
            "apply_to": [],
            "id": "1263270",
            "labels": {},
            "name": "frontend_firewall",
            "rule": [
              {
                "description": "Для HTTP запросов к серверу",
                "destination_ips": [],
                "direction": "in",
                "port": "80",
                "protocol": "tcp",
                "source_ips": [
                  "0.0.0.0/0",
                  "::/0"
                ]
              },
              {
                "description": "Для HTTP запросов к серверу",
                "destination_ips": [],
                "direction": "in",
                "port": "80",
                "protocol": "udp",
                "source_ips": [
                  "0.0.0.0/0",
                  "::/0"
                ]
              },
              {
                "description": "Для HTTPS запросов к серверу",
                "destination_ips": [],
                "direction": "in",
                "port": "443",
                "protocol": "tcp",
                "source_ips": [
                  "0.0.0.0/0",
                  "::/0"
                ]
              },
              {
                "description": "Для HTTPS запросов к серверу",
                "destination_ips": [],
                "direction": "in",
                "port": "443",
                "protocol": "udp",
                "source_ips": [
                  "0.0.0.0/0",
                  "::/0"
                ]
              }
            ]
          },
          "sensitive_attributes": [],
          "private": "bnVsbA=="
        }
      ]
    },
    {
      "module": "module.frontend",
      "mode": "managed",
      "type": "hcloud_server",
      "name": "frontend_server",
      "provider": "provider[\"registry.terraform.io/hetznercloud/hcloud\"]",
      "instances": [
        {
          "schema_version": 0,
          "attributes": {
            "allow_deprecated_images": false,
            "backup_window": "",
            "backups": false,
            "datacenter": "nbg1-dc3",
            "delete_protection": false,
            "firewall_ids": [
              1263270,
              1263271
            ],
            "id": "43713082",
            "ignore_remote_firewall_ids": false,
            "image": "ubuntu-22.04",
            "ipv4_address": "5.75.155.123",
            "ipv6_address": "2a01:4f8:c2c:ded3::1",
            "ipv6_network": "2a01:4f8:c2c:ded3::/64",
            "iso": null,
            "keep_disk": false,
            "labels": {
              "purpose": "frontend"
            },
            "location": "nbg1",
            "name": "frontend",
            "network": [
              {
                "alias_ips": [],
                "ip": "10.0.1.1",
                "mac_address": "86:00:00:79:de:e2",
                "network_id": 3915872
              }
            ],
            "placement_group_id": null,
            "public_net": [],
            "rebuild_protection": false,
            "rescue": null,
            "server_type": "cx21",
            "ssh_keys": null,
            "status": "running",
            "timeouts": null,
            "user_data": null
          },
          "sensitive_attributes": [],
          "private": "eyJlMmJmYjczMC1lY2FhLTExZTYtOGY4OC0zNDM2M2JjN2M0YzAiOnsiY3JlYXRlIjo1NDAwMDAwMDAwMDAwfX0=",
          "dependencies": [
            "hcloud_network.h_network",
            "module.base_firewall.hcloud_firewall.base_firewall_rules",
            "module.frontend.hcloud_firewall.client_firewall"
          ]
        }
      ]
    }
  ],
  "check_results": null
}
