{
  "version": 4,
  "terraform_version": "1.7.3",
  "serial": 4,
  "lineage": "186207dd-0768-c5a0-20cb-efe29154e531",
  "outputs": {},
  "resources": [
    {
      "mode": "managed",
      "type": "hcloud_network",
      "name": "h_network",
      "provider": "provider[\"registry.terraform.io/hetznercloud/hcloud\"]",
      "instances": [
        {
          "schema_version": 0,
          "attributes": {
            "delete_protection": false,
            "expose_routes_to_vswitch": false,
            "id": "3888026",
            "ip_range": "10.0.0.0/16",
            "labels": null,
            "name": "my_net"
          },
          "sensitive_attributes": [],
          "private": "bnVsbA=="
        }
      ]
    },
    {
      "mode": "managed",
      "type": "hcloud_network_subnet",
      "name": "h_subnet",
      "provider": "provider[\"registry.terraform.io/hetznercloud/hcloud\"]",
      "instances": [
        {
          "schema_version": 0,
          "attributes": {
            "gateway": "10.0.0.1",
            "id": "3888026-10.0.1.0/24",
            "ip_range": "10.0.1.0/24",
            "network_id": 3888026,
            "network_zone": "eu-central",
            "type": "cloud",
            "vswitch_id": null
          },
          "sensitive_attributes": [],
          "private": "bnVsbA==",
          "dependencies": [
            "hcloud_network.h_network"
          ]
        }
      ]
    }
  ],
  "check_results": null
}
